
Microsoft Visual Studio Solution File, Format Version 12.00
Project("{FAE04EC0-301F-11D3-BF4B-00C04F79EFBC}") = "Report", "Report\Report.csproj", "{80D4677F-61C9-4D2F-A7EB-24412BE9FFDD}"
EndProject
Project("{FAE04EC0-301F-11D3-BF4B-00C04F79EFBC}") = "QuickExpense", "src\web\QuickExpense.csproj", "{96F7CF1F-9196-49B0-823C-DED6A72A3651}"
EndProject
Project("{FAE04EC0-301F-11D3-BF4B-00C04F79EFBC}") = "QuickExpense.Tests", "src\QuickExpense.Tests\QuickExpense.Tests.csproj", "{84C56437-AFF4-496C-9281-155BCCBA31CF}"
EndProject
Global
	GlobalSection(SolutionConfigurationPlatforms) = preSolution
		Debug|Any CPU = Debug|Any CPU
		Release|Any CPU = Release|Any CPU
	EndGlobalSection
	GlobalSection(ProjectConfigurationPlatforms) = postSolution
		{80D4677F-61C9-4D2F-A7EB-24412BE9FFDD}.Debug|Any CPU.ActiveCfg = Debug|Any CPU
		{80D4677F-61C9-4D2F-A7EB-24412BE9FFDD}.Debug|Any CPU.Build.0 = Debug|Any CPU
		{80D4677F-61C9-4D2F-A7EB-24412BE9FFDD}.Release|Any CPU.ActiveCfg = Release|Any CPU
		{80D4677F-61C9-4D2F-A7EB-24412BE9FFDD}.Release|Any CPU.Build.0 = Release|Any CPU
		{96F7CF1F-9196-49B0-823C-DED6A72A3651}.Debug|Any CPU.ActiveCfg = Debug|Any CPU
		{96F7CF1F-9196-49B0-823C-DED6A72A3651}.Debug|Any CPU.Build.0 = Debug|Any CPU
		{96F7CF1F-9196-49B0-823C-DED6A72A3651}.Release|Any CPU.ActiveCfg = Release|Any CPU
		{96F7CF1F-9196-49B0-823C-DED6A72A3651}.Release|Any CPU.Build.0 = Release|Any CPU
		{84C56437-AFF4-496C-9281-155BCCBA31CF}.Debug|Any CPU.ActiveCfg = Debug|Any CPU
		{84C56437-AFF4-496C-9281-155BCCBA31CF}.Debug|Any CPU.Build.0 = Debug|Any CPU
		{84C56437-AFF4-496C-9281-155BCCBA31CF}.Release|Any CPU.ActiveCfg = Release|Any CPU
		{84C56437-AFF4-496C-9281-155BCCBA31CF}.Release|Any CPU.Build.0 = Release|Any CPU
	EndGlobalSection
EndGlobal
