
Microsoft Visual Studio Solution File, Format Version 12.00
Project("{FAE04EC0-301F-11D3-BF4B-00C04F79EFBC}") = "Report", "Report\Report.csproj", "{80D4677F-61C9-4D2F-A7EB-24412BE9FFDD}"
EndProject
Global
	GlobalSection(SolutionConfigurationPlatforms) = preSolution
		Debug|Any CPU = Debug|Any CPU
		Release|Any CPU = Release|Any CPU
	EndGlobalSection
	GlobalSection(ProjectConfigurationPlatforms) = postSolution
		{80D4677F-61C9-4D2F-A7EB-24412BE9FFDD}.Debug|Any CPU.ActiveCfg = Debug|Any CPU
		{80D4677F-61C9-4D2F-A7EB-24412BE9FFDD}.Debug|Any CPU.Build.0 = Debug|Any CPU
		{80D4677F-61C9-4D2F-A7EB-24412BE9FFDD}.Release|Any CPU.ActiveCfg = Release|Any CPU
		{80D4677F-61C9-4D2F-A7EB-24412BE9FFDD}.Release|Any CPU.Build.0 = Release|Any CPU
	EndGlobalSection
EndGlobal
